PODS:
  - Alamofire (4.9.0)
  - Socket.IO-Client-Swift (13.2.1):
    - Starscream (~> 3.0.2)
  - Starscream (3.0.5)
  - SwiftyJSON (5.0.0)

DEPENDENCIES:
  - Alamofire
  - Socket.IO-Client-Swift (~> 13.2.0)
  - Starscream (<= 3.0.5)
  - SwiftyJSON

SPEC REPOS:
  https://github.com/cocoapods/specs.git:
    - Alamofire
    - Socket.IO-Client-Swift
    - Starscream
    - SwiftyJSON

SPEC CHECKSUMS:
  Alamofire: afc3e7c6db61476cb45cdd23fed06bad03bbc321
  Socket.IO-Client-Swift: b94943e2fb916fe2f95244b9ed21828634002280
  Starscream: faf918b2f2eff7d5dd21180646bf015a669673bd
  SwiftyJSON: 36413e04c44ee145039d332b4f4e2d3e8d6c4db7

PODFILE CHECKSUM: 591549f5b6d563345f970d1eed6b89a2153e1165

COCOAPODS: 1.7.5
